
Microsoft Visual Studio Solution File, Format Version 12.00
# Visual Studio Version 17
VisualStudioVersion = 17.5.33627.172
MinimumVisualStudioVersion = 10.0.40219.1
Project("{9A19103F-16F7-4668-BE54-9A1E7A4F7556}") = "ProyectoFacturacion", "ProyectoFacturacion.csproj", "{574AA9E8-00E7-40BC-B52C-8D28FD89B36A}"
EndProject
Project("{9A19103F-16F7-4668-BE54-9A1E7A4F7556}") = "Facturas.API", "..\Facturas.API\Facturas.API.csproj", "{E5330903-F396-4900-A5E1-EA53028555C6}"
EndProject
Project("{9A19103F-16F7-4668-BE54-9A1E7A4F7556}") = "Facturacion.UAPI", "..\Facturacion.UAPI\Facturacion.UAPI.csproj", "{450EECE0-6883-4896-B39D-98BFC7B17173}"
EndProject
Project("{FAE04EC0-301F-11D3-BF4B-00C04F79EFBC}") = "Facturacion.WebMVC", "..\Facturacion.WebMVC\Facturacion.WebMVC.csproj", "{3C541318-B45B-4341-A671-4EEA559D8EBC}"
EndProject
Global
	GlobalSection(SolutionConfigurationPlatforms) = preSolution
		Debug|Any CPU = Debug|Any CPU
		Release|Any CPU = Release|Any CPU
	EndGlobalSection
	GlobalSection(ProjectConfigurationPlatforms) = postSolution
		{574AA9E8-00E7-40BC-B52C-8D28FD89B36A}.Debug|Any CPU.ActiveCfg = Debug|Any CPU
		{574AA9E8-00E7-40BC-B52C-8D28FD89B36A}.Debug|Any CPU.Build.0 = Debug|Any CPU
		{574AA9E8-00E7-40BC-B52C-8D28FD89B36A}.Release|Any CPU.ActiveCfg = Release|Any CPU
		{574AA9E8-00E7-40BC-B52C-8D28FD89B36A}.Release|Any CPU.Build.0 = Release|Any CPU
		{E5330903-F396-4900-A5E1-EA53028555C6}.Debug|Any CPU.ActiveCfg = Debug|Any CPU
		{E5330903-F396-4900-A5E1-EA53028555C6}.Debug|Any CPU.Build.0 = Debug|Any CPU
		{E5330903-F396-4900-A5E1-EA53028555C6}.Release|Any CPU.ActiveCfg = Release|Any CPU
		{E5330903-F396-4900-A5E1-EA53028555C6}.Release|Any CPU.Build.0 = Release|Any CPU
		{450EECE0-6883-4896-B39D-98BFC7B17173}.Debug|Any CPU.ActiveCfg = Debug|Any CPU
		{450EECE0-6883-4896-B39D-98BFC7B17173}.Debug|Any CPU.Build.0 = Debug|Any CPU
		{450EECE0-6883-4896-B39D-98BFC7B17173}.Release|Any CPU.ActiveCfg = Release|Any CPU
		{450EECE0-6883-4896-B39D-98BFC7B17173}.Release|Any CPU.Build.0 = Release|Any CPU
		{3C541318-B45B-4341-A671-4EEA559D8EBC}.Debug|Any CPU.ActiveCfg = Debug|Any CPU
		{3C541318-B45B-4341-A671-4EEA559D8EBC}.Debug|Any CPU.Build.0 = Debug|Any CPU
		{3C541318-B45B-4341-A671-4EEA559D8EBC}.Release|Any CPU.ActiveCfg = Release|Any CPU
		{3C541318-B45B-4341-A671-4EEA559D8EBC}.Release|Any CPU.Build.0 = Release|Any CPU
	EndGlobalSection
	GlobalSection(SolutionProperties) = preSolution
		HideSolutionNode = FALSE
	EndGlobalSection
	GlobalSection(ExtensibilityGlobals) = postSolution
		SolutionGuid = {08E5A186-71A0-43D4-8747-262B68B5778E}
	EndGlobalSection
EndGlobal
